
Microsoft Visual Studio Solution File, Format Version 12.00
# Visual Studio 15
VisualStudioVersion = 15.0.28307.852
MinimumVisualStudioVersion = 10.0.40219.1
Project("{FAE04EC0-301F-11D3-BF4B-00C04F79EFBC}") = "InigmaITEmployment", "InigmaITEmployment\InigmaITEmployment.csproj", "{75DCCECC-85B4-4D91-8B8C-4669E7B592B1}"
EndProject
Project("{FAE04EC0-301F-11D3-BF4B-00C04F79EFBC}") = "ClassLibrary", "ClassLibrary\ClassLibrary.csproj", "{9C0968B2-74FB-4058-8E8C-C3F92244EE87}"
EndProject
Project("{FAE04EC0-301F-11D3-BF4B-00C04F79EFBC}") = "TestInigmaEmployment", "TestInigmaEmployment\TestInigmaEmployment.csproj", "{20A0D8BD-A535-48F6-B7FD-3D65CE9FD32C}"
EndProject
Global
	GlobalSection(SolutionConfigurationPlatforms) = preSolution
		Debug|Any CPU = Debug|Any CPU
		Release|Any CPU = Release|Any CPU
	EndGlobalSection
	GlobalSection(ProjectConfigurationPlatforms) = postSolution
		{75DCCECC-85B4-4D91-8B8C-4669E7B592B1}.Debug|Any CPU.ActiveCfg = Debug|Any CPU
		{75DCCECC-85B4-4D91-8B8C-4669E7B592B1}.Debug|Any CPU.Build.0 = Debug|Any CPU
		{75DCCECC-85B4-4D91-8B8C-4669E7B592B1}.Release|Any CPU.ActiveCfg = Release|Any CPU
		{75DCCECC-85B4-4D91-8B8C-4669E7B592B1}.Release|Any CPU.Build.0 = Release|Any CPU
		{9C0968B2-74FB-4058-8E8C-C3F92244EE87}.Debug|Any CPU.ActiveCfg = Debug|Any CPU
		{9C0968B2-74FB-4058-8E8C-C3F92244EE87}.Debug|Any CPU.Build.0 = Debug|Any CPU
		{9C0968B2-74FB-4058-8E8C-C3F92244EE87}.Release|Any CPU.ActiveCfg = Release|Any CPU
		{9C0968B2-74FB-4058-8E8C-C3F92244EE87}.Release|Any CPU.Build.0 = Release|Any CPU
		{20A0D8BD-A535-48F6-B7FD-3D65CE9FD32C}.Debug|Any CPU.ActiveCfg = Debug|Any CPU
		{20A0D8BD-A535-48F6-B7FD-3D65CE9FD32C}.Debug|Any CPU.Build.0 = Debug|Any CPU
		{20A0D8BD-A535-48F6-B7FD-3D65CE9FD32C}.Release|Any CPU.ActiveCfg = Release|Any CPU
		{20A0D8BD-A535-48F6-B7FD-3D65CE9FD32C}.Release|Any CPU.Build.0 = Release|Any CPU
	EndGlobalSection
	GlobalSection(SolutionProperties) = preSolution
		HideSolutionNode = FALSE
	EndGlobalSection
	GlobalSection(ExtensibilityGlobals) = postSolution
		SolutionGuid = {4592C5B6-DB08-480C-8A55-DDD4F34196B9}
	EndGlobalSection
EndGlobal
